hash: 35ae7efc89b9d8fbf1b0be467ce6844627adb2396b24e8e7860eb87ca390e11d
updated: 2018-01-04T16:44:12.9815244-08:00
imports:
- name: github.com/hashicorp/hcl
  version: 23c074d0eceb2b8a5bfdbb271ab780cde70f05a8
  subpackages:
  - hcl/ast
  - hcl/parser
  - hcl/scanner
  - hcl/strconv
  - hcl/token
  - json/parser
  - json/scanner
  - json/token
testImports: []
